// !$*UTF8*$!
{
	archiveVersion = 1;
	classes = {
	};
	objectVersion = 51;
	objects = {

/* Begin PBXBuildFile section */
		33C568A1FD3CCEED09E586F9 /* Pods_Parstagram.framework in Frameworks */ = {isa = PBXBuildFile; fileRef = 3C4C76796963CB07D53EB016 /* Pods_Parstagram.framework */; };
		9664FAC2AF92C5215E9BE681 /* Pods_ParstagramTests.framework in Frameworks */ = {isa = PBXBuildFile; fileRef = C1446EAB71D679EBA16DAB81 /* Pods_ParstagramTests.framework */; };
		B6ECFB84364EDCE1D8B8516D /* Pods_Parstagram_ParstagramUITests.framework in Frameworks */ = {isa = PBXBuildFile; fileRef = B8DF1825D150063A1EFD85BE /* Pods_Parstagram_ParstagramUITests.framework */; };
		C54B2445270D0BFB005E065C /* AppDelegate.swift in Sources */ = {isa = PBXBuildFile; fileRef = C54B2444270D0BFB005E065C /* AppDelegate.swift */; };
		C54B2447270D0BFB005E065C /* SceneDelegate.swift in Sources */ = {isa = PBXBuildFile; fileRef = C54B2446270D0BFB005E065C /* SceneDelegate.swift */; };
		C54B244C270D0BFB005E065C /* Main.storyboard in Resources */ = {isa = PBXBuildFile; fileRef = C54B244A270D0BFB005E065C /* Main.storyboard */; };
		C54B244E270D0C01005E065C /* Assets.xcassets in Resources */ = {isa = PBXBuildFile; fileRef = C54B244D270D0C01005E065C /* Assets.xcassets */; };
		C54B2451270D0C01005E065C /* LaunchScreen.storyboard in Resources */ = {isa = PBXBuildFile; fileRef = C54B244F270D0C01005E065C /* LaunchScreen.storyboard */; };
		C54B245C270D0C01005E065C /* ParstagramTests.swift in Sources */ = {isa = PBXBuildFile; fileRef = C54B245B270D0C01005E065C /* ParstagramTests.swift */; };
		C54B2467270D0C02005E065C /* ParstagramUITests.swift in Sources */ = {isa = PBXBuildFile; fileRef = C54B2466270D0C02005E065C /* ParstagramUITests.swift */; };
		C54B2475270D0F86005E065C /* LoginViewController.swift in Sources */ = {isa = PBXBuildFile; fileRef = C54B2474270D0F86005E065C /* LoginViewController.swift */; };
		C54B2477270D0F92005E065C /* FeedViewController.swift in Sources */ = {isa = PBXBuildFile; fileRef = C54B2476270D0F92005E065C /* FeedViewController.swift */; };
		C54B2479270D1FFB005E065C /* CameraViewController.swift in Sources */ = {isa = PBXBuildFile; fileRef = C54B2478270D1FFB005E065C /* CameraViewController.swift */; };
		C5CED46427147B7B0021907F /* PostCell.swift in Sources */ = {isa = PBXBuildFile; fileRef = C5CED46327147B7B0021907F /* PostCell.swift */; };
/* End PBXBuildFile section */

/* Begin PBXContainerItemProxy section */
		C54B2458270D0C01005E065C /* PBXContainerItemProxy */ = {
			isa = PBXContainerItemProxy;
			containerPortal = C54B2439270D0BFB005E065C /* Project object */;
			proxyType = 1;
			remoteGlobalIDString = C54B2440270D0BFB005E065C;
			remoteInfo = Parstagram;
		};
		C54B2463270D0C02005E065C /* PBXContainerItemProxy */ = {
			isa = PBXContainerItemProxy;
			containerPortal = C54B2439270D0BFB005E065C /* Project object */;
			proxyType = 1;
			remoteGlobalIDString = C54B2440270D0BFB005E065C;
			remoteInfo = Parstagram;
		};
/* End PBXContainerItemProxy section */

/* Begin PBXFileReference section */
		081F486E3341C4F392C13849 /* Pods-Parstagram.debug.xcconfig */ = {isa = PBXFileReference; includeInIndex = 1; lastKnownFileType = text.xcconfig; name = "Pods-Parstagram.debug.xcconfig"; path = "Target Support Files/Pods-Parstagram/Pods-Parstagram.debug.xcconfig"; sourceTree = "<group>"; };
		0F4B1E46B4433414F6FCE318 /* Pods-Parstagram-ParstagramUITests.release.xcconfig */ = {isa = PBXFileReference; includeInIndex = 1; lastKnownFileType = text.xcconfig; name = "Pods-Parstagram-ParstagramUITests.release.xcconfig"; path = "Target Support Files/Pods-Parstagram-ParstagramUITests/Pods-Parstagram-ParstagramUITests.release.xcconfig"; sourceTree = "<group>"; };
		114CABA0804ED4A6D349D5F7 /* Pods-Parstagram-ParstagramUITests.debug.xcconfig */ = {isa = PBXFileReference; includeInIndex = 1; lastKnownFileType = text.xcconfig; name = "Pods-Parstagram-ParstagramUITests.debug.xcconfig"; path = "Target Support Files/Pods-Parstagram-ParstagramUITests/Pods-Parstagram-ParstagramUITests.debug.xcconfig"; sourceTree = "<group>"; };
		3C4C76796963CB07D53EB016 /* Pods_Parstagram.framework */ = {isa = PBXFileReference; explicitFileType = wrapper.framework; includeInIndex = 0; path = Pods_Parstagram.framework; sourceTree = BUILT_PRODUCTS_DIR; };
		7050D4F530F03C0C120FDADD /* Pods-Parstagram.release.xcconfig */ = {isa = PBXFileReference; includeInIndex = 1; lastKnownFileType = text.xcconfig; name = "Pods-Parstagram.release.xcconfig"; path = "Target Support Files/Pods-Parstagram/Pods-Parstagram.release.xcconfig"; sourceTree = "<group>"; };
		74EC5DA9B52BD4EFAC5DEFB1 /* Pods-ParstagramTests.debug.xcconfig */ = {isa = PBXFileReference; includeInIndex = 1; lastKnownFileType = text.xcconfig; name = "Pods-ParstagramTests.debug.xcconfig"; path = "Target Support Files/Pods-ParstagramTests/Pods-ParstagramTests.debug.xcconfig"; sourceTree = "<group>"; };
		B8DF1825D150063A1EFD85BE /* Pods_Parstagram_ParstagramUITests.framework */ = {isa = PBXFileReference; explicitFileType = wrapper.framework; includeInIndex = 0; path = Pods_Parstagram_ParstagramUITests.framework; sourceTree = BUILT_PRODUCTS_DIR; };
		C1446EAB71D679EBA16DAB81 /* Pods_ParstagramTests.framework */ = {isa = PBXFileReference; explicitFileType = wrapper.framework; includeInIndex = 0; path = Pods_ParstagramTests.framework; sourceTree = BUILT_PRODUCTS_DIR; };
		C54B2441270D0BFB005E065C /* Parstagram.app */ = {isa = PBXFileReference; explicitFileType = wrapper.application; includeInIndex = 0; path = Parstagram.app; sourceTree = BUILT_PRODUCTS_DIR; };
		C54B2444270D0BFB005E065C /* AppDelegate.swift */ = {isa = PBXFileReference; lastKnownFileType = sourcecode.swift; path = AppDelegate.swift; sourceTree = "<group>"; };
		C54B2446270D0BFB005E065C /* SceneDelegate.swift */ = {isa = PBXFileReference; lastKnownFileType = sourcecode.swift; path = SceneDelegate.swift; sourceTree = "<group>"; };
		C54B244B270D0BFB005E065C /* Base */ = {isa = PBXFileReference; lastKnownFileType = file.storyboard; name = Base; path = Base.lproj/Main.storyboard; sourceTree = "<group>"; };
		C54B244D270D0C01005E065C /* Assets.xcassets */ = {isa = PBXFileReference; lastKnownFileType = folder.assetcatalog; path = Assets.xcassets; sourceTree = "<group>"; };
		C54B2450270D0C01005E065C /* Base */ = {isa = PBXFileReference; lastKnownFileType = file.storyboard; name = Base; path = Base.lproj/LaunchScreen.storyboard; sourceTree = "<group>"; };
		C54B2452270D0C01005E065C /* Info.plist */ = {isa = PBXFileReference; lastKnownFileType = text.plist.xml; path = Info.plist; sourceTree = "<group>"; };
		C54B2457270D0C01005E065C /* ParstagramTests.xctest */ = {isa = PBXFileReference; explicitFileType = wrapper.cfbundle; includeInIndex = 0; path = ParstagramTests.xctest; sourceTree = BUILT_PRODUCTS_DIR; };
		C54B245B270D0C01005E065C /* ParstagramTests.swift */ = {isa = PBXFileReference; lastKnownFileType = sourcecode.swift; path = ParstagramTests.swift; sourceTree = "<group>"; };
		C54B245D270D0C02005E065C /* Info.plist */ = {isa = PBXFileReference; lastKnownFileType = text.plist.xml; path = Info.plist; sourceTree = "<group>"; };
		C54B2462270D0C02005E065C /* ParstagramUITests.xctest */ = {isa = PBXFileReference; explicitFileType = wrapper.cfbundle; includeInIndex = 0; path = ParstagramUITests.xctest; sourceTree = BUILT_PRODUCTS_DIR; };
		C54B2466270D0C02005E065C /* ParstagramUITests.swift */ = {isa = PBXFileReference; lastKnownFileType = sourcecode.swift; path = ParstagramUITests.swift; sourceTree = "<group>"; };
		C54B2468270D0C02005E065C /* Info.plist */ = {isa = PBXFileReference; lastKnownFileType = text.plist.xml; path = Info.plist; sourceTree = "<group>"; };
		C54B2474270D0F86005E065C /* LoginViewController.swift */ = {isa = PBXFileReference; lastKnownFileType = sourcecode.swift; path = LoginViewController.swift; sourceTree = "<group>"; };
		C54B2476270D0F92005E065C /* FeedViewController.swift */ = {isa = PBXFileReference; lastKnownFileType = sourcecode.swift; path = FeedViewController.swift; sourceTree = "<group>"; };
		C54B2478270D1FFB005E065C /* CameraViewController.swift */ = {isa = PBXFileReference; lastKnownFileType = sourcecode.swift; path = CameraViewController.swift; sourceTree = "<group>"; };
		C5CED46327147B7B0021907F /* PostCell.swift */ = {isa = PBXFileReference; lastKnownFileType = sourcecode.swift; path = PostCell.swift; sourceTree = "<group>"; };
		D5C04715EF8CD99844686310 /* Pods-ParstagramTests.release.xcconfig */ = {isa = PBXFileReference; includeInIndex = 1; lastKnownFileType = text.xcconfig; name = "Pods-ParstagramTests.release.xcconfig"; path = "Target Support Files/Pods-ParstagramTests/Pods-ParstagramTests.release.xcconfig"; sourceTree = "<group>"; };
/* End PBXFileReference section */

/* Begin PBXFrameworksBuildPhase section */
		C54B243E270D0BFB005E065C /* Frameworks */ = {
			isa = PBXFrameworksBuildPhase;
			buildActionMask = 2147483647;
			files = (
				33C568A1FD3CCEED09E586F9 /* Pods_Parstagram.framework in Frameworks */,
			);
			runOnlyForDeploymentPostprocessing = 0;
		};
		C54B2454270D0C01005E065C /* Frameworks */ = {
			isa = PBXFrameworksBuildPhase;
			buildActionMask = 2147483647;
			files = (
				9664FAC2AF92C5215E9BE681 /* Pods_ParstagramTests.framework in Frameworks */,
			);
			runOnlyForDeploymentPostprocessing = 0;
		};
		C54B245F270D0C02005E065C /* Frameworks */ = {
			isa = PBXFrameworksBuildPhase;
			buildActionMask = 2147483647;
			files = (
				B6ECFB84364EDCE1D8B8516D /* Pods_Parstagram_ParstagramUITests.framework in Frameworks */,
			);
			runOnlyForDeploymentPostprocessing = 0;
		};
/* End PBXFrameworksBuildPhase section */

/* Begin PBXGroup section */
		1EEA2F7803250ACA8822BCC6 /* Pods */ = {
			isa = PBXGroup;
			children = (
				081F486E3341C4F392C13849 /* Pods-Parstagram.debug.xcconfig */,
				7050D4F530F03C0C120FDADD /* Pods-Parstagram.release.xcconfig */,
				114CABA0804ED4A6D349D5F7 /* Pods-Parstagram-ParstagramUITests.debug.xcconfig */,
				0F4B1E46B4433414F6FCE318 /* Pods-Parstagram-ParstagramUITests.release.xcconfig */,
				74EC5DA9B52BD4EFAC5DEFB1 /* Pods-ParstagramTests.debug.xcconfig */,
				D5C04715EF8CD99844686310 /* Pods-ParstagramTests.release.xcconfig */,
			);
			path = Pods;
			sourceTree = "<group>";
		};
		21E5C474D575EE9D34A56239 /* Frameworks */ = {
			isa = PBXGroup;
			children = (
				3C4C76796963CB07D53EB016 /* Pods_Parstagram.framework */,
				B8DF1825D150063A1EFD85BE /* Pods_Parstagram_ParstagramUITests.framework */,
				C1446EAB71D679EBA16DAB81 /* Pods_ParstagramTests.framework */,
			);
			name = Frameworks;
			sourceTree = "<group>";
		};
		C54B2438270D0BFB005E065C = {
			isa = PBXGroup;
			children = (
				C54B2443270D0BFB005E065C /* Parstagram */,
				C54B245A270D0C01005E065C /* ParstagramTests */,
				C54B2465270D0C02005E065C /* ParstagramUITests */,
				C54B2442270D0BFB005E065C /* Products */,
				1EEA2F7803250ACA8822BCC6 /* Pods */,
				21E5C474D575EE9D34A56239 /* Frameworks */,
			);
			sourceTree = "<group>";
		};
		C54B2442270D0BFB005E065C /* Products */ = {
			isa = PBXGroup;
			children = (
				C54B2441270D0BFB005E065C /* Parstagram.app */,
				C54B2457270D0C01005E065C /* ParstagramTests.xctest */,
				C54B2462270D0C02005E065C /* ParstagramUITests.xctest */,
			);
			name = Products;
			sourceTree = "<group>";
		};
		C54B2443270D0BFB005E065C /* Parstagram */ = {
			isa = PBXGroup;
			children = (
				C54B2444270D0BFB005E065C /* AppDelegate.swift */,
				C5CED46327147B7B0021907F /* PostCell.swift */,
				C54B2478270D1FFB005E065C /* CameraViewController.swift */,
				C54B2446270D0BFB005E065C /* SceneDelegate.swift */,
				C54B244A270D0BFB005E065C /* Main.storyboard */,
				C54B2474270D0F86005E065C /* LoginViewController.swift */,
				C54B2476270D0F92005E065C /* FeedViewController.swift */,
				C54B244D270D0C01005E065C /* Assets.xcassets */,
				C54B244F270D0C01005E065C /* LaunchScreen.storyboard */,
				C54B2452270D0C01005E065C /* Info.plist */,
			);
			path = Parstagram;
			sourceTree = "<group>";
		};
		C54B245A270D0C01005E065C /* ParstagramTests */ = {
			isa = PBXGroup;
			children = (
				C54B245B270D0C01005E065C /* ParstagramTests.swift */,
				C54B245D270D0C02005E065C /* Info.plist */,
			);
			path = ParstagramTests;
			sourceTree = "<group>";
		};
		C54B2465270D0C02005E065C /* ParstagramUITests */ = {
			isa = PBXGroup;
			children = (
				C54B2466270D0C02005E065C /* ParstagramUITests.swift */,
				C54B2468270D0C02005E065C /* Info.plist */,
			);
			path = ParstagramUITests;
			sourceTree = "<group>";
		};
/* End PBXGroup section */

/* Begin PBXNativeTarget section */
		C54B2440270D0BFB005E065C /* Parstagram */ = {
			isa = PBXNativeTarget;
			buildConfigurationList = C54B246B270D0C02005E065C /* Build configuration list for PBXNativeTarget "Parstagram" */;
			buildPhases = (
				4B76C229BFF4F98DA9069DF3 /* [CP] Check Pods Manifest.lock */,
				C54B243D270D0BFB005E065C /* Sources */,
				C54B243E270D0BFB005E065C /* Frameworks */,
				C54B243F270D0BFB005E065C /* Resources */,
				A6DD713A4572552942B8FF74 /* [CP] Embed Pods Frameworks */,
			);
			buildRules = (
			);
			dependencies = (
			);
			name = Parstagram;
			productName = Parstagram;
			productReference = C54B2441270D0BFB005E065C /* Parstagram.app */;
			productType = "com.apple.product-type.application";
		};
		C54B2456270D0C01005E065C /* ParstagramTests */ = {
			isa = PBXNativeTarget;
			buildConfigurationList = C54B246E270D0C02005E065C /* Build configuration list for PBXNativeTarget "ParstagramTests" */;
			buildPhases = (
				F482315E2F0860501C61B810 /* [CP] Check Pods Manifest.lock */,
				C54B2453270D0C01005E065C /* Sources */,
				C54B2454270D0C01005E065C /* Frameworks */,
				C54B2455270D0C01005E065C /* Resources */,
			);
			buildRules = (
			);
			dependencies = (
				C54B2459270D0C01005E065C /* PBXTargetDependency */,
			);
			name = ParstagramTests;
			productName = ParstagramTests;
			productReference = C54B2457270D0C01005E065C /* ParstagramTests.xctest */;
			productType = "com.apple.product-type.bundle.unit-test";
		};
		C54B2461270D0C02005E065C /* ParstagramUITests */ = {
			isa = PBXNativeTarget;
			buildConfigurationList = C54B2471270D0C02005E065C /* Build configuration list for PBXNativeTarget "ParstagramUITests" */;
			buildPhases = (
				922BA1828F3B12EFDC1060D5 /* [CP] Check Pods Manifest.lock */,
				C54B245E270D0C02005E065C /* Sources */,
				C54B245F270D0C02005E065C /* Frameworks */,
				C54B2460270D0C02005E065C /* Resources */,
				C98AF13022B4A2AE3DF56562 /* [CP] Embed Pods Frameworks */,
			);
			buildRules = (
			);
			dependencies = (
				C54B2464270D0C02005E065C /* PBXTargetDependency */,
			);
			name = ParstagramUITests;
			productName = ParstagramUITests;
			productReference = C54B2462270D0C02005E065C /* ParstagramUITests.xctest */;
			productType = "com.apple.product-type.bundle.ui-testing";
		};
/* End PBXNativeTarget section */

/* Begin PBXProject section */
		C54B2439270D0BFB005E065C /* Project object */ = {
			isa = PBXProject;
			attributes = {
				LastSwiftUpdateCheck = 1250;
				LastUpgradeCheck = 1250;
				TargetAttributes = {
					C54B2440270D0BFB005E065C = {
						CreatedOnToolsVersion = 12.5.1;
					};
					C54B2456270D0C01005E065C = {
						CreatedOnToolsVersion = 12.5.1;
						TestTargetID = C54B2440270D0BFB005E065C;
					};
					C54B2461270D0C02005E065C = {
						CreatedOnToolsVersion = 12.5.1;
						TestTargetID = C54B2440270D0BFB005E065C;
					};
				};
			};
			buildConfigurationList = C54B243C270D0BFB005E065C /* Build configuration list for PBXProject "Parstagram" */;
			compatibilityVersion = "Xcode 9.3";
			developmentRegion = en;
			hasScannedForEncodings = 0;
			knownRegions = (
				en,
				Base,
			);
			mainGroup = C54B2438270D0BFB005E065C;
			productRefGroup = C54B2442270D0BFB005E065C /* Products */;
			projectDirPath = "";
			projectRoot = "";
			targets = (
				C54B2440270D0BFB005E065C /* Parstagram */,
				C54B2456270D0C01005E065C /* ParstagramTests */,
				C54B2461270D0C02005E065C /* ParstagramUITests */,
			);
		};
/* End PBXProject section */

/* Begin PBXResourcesBuildPhase section */
		C54B243F270D0BFB005E065C /* Resources */ = {
			isa = PBXResourcesBuildPhase;
			buildActionMask = 2147483647;
			files = (
				C54B2451270D0C01005E065C /* LaunchScreen.storyboard in Resources */,
				C54B244E270D0C01005E065C /* Assets.xcassets in Resources */,
				C54B244C270D0BFB005E065C /* Main.storyboard in Resources */,
			);
			runOnlyForDeploymentPostprocessing = 0;
		};
		C54B2455270D0C01005E065C /* Resources */ = {
			isa = PBXResourcesBuildPhase;
			buildActionMask = 2147483647;
			files = (
			);
			runOnlyForDeploymentPostprocessing = 0;
		};
		C54B2460270D0C02005E065C /* Resources */ = {
			isa = PBXResourcesBuildPhase;
			buildActionMask = 2147483647;
			files = (
			);
			runOnlyForDeploymentPostprocessing = 0;
		};
/* End PBXResourcesBuildPhase section */

/* Begin PBXShellScriptBuildPhase section */
		4B76C229BFF4F98DA9069DF3 /* [CP] Check Pods Manifest.lock */ = {
			isa = PBXShellScriptBuildPhase;
			buildActionMask = 2147483647;
			files = (
			);
			inputFileListPaths = (
			);
			inputPaths = (
				"${PODS_PODFILE_DIR_PATH}/Podfile.lock",
				"${PODS_ROOT}/Manifest.lock",
			);
			name = "[CP] Check Pods Manifest.lock";
			outputFileListPaths = (
			);
			outputPaths = (
				"$(DERIVED_FILE_DIR)/Pods-Parstagram-checkManifestLockResult.txt",
			);
			runOnlyForDeploymentPostprocessing = 0;
			shellPath = /bin/sh;
			shellScript = "diff \"${PODS_PODFILE_DIR_PATH}/Podfile.lock\" \"${PODS_ROOT}/Manifest.lock\" > /dev/null\nif [ $? != 0 ] ; then\n    # print error to STDERR\n    echo \"error: The sandbox is not in sync with the Podfile.lock. Run 'pod install' or update your CocoaPods installation.\" >&2\n    exit 1\nfi\n# This output is used by Xcode 'outputs' to avoid re-running this script phase.\necho \"SUCCESS\" > \"${SCRIPT_OUTPUT_FILE_0}\"\n";
			showEnvVarsInLog = 0;
		};
		922BA1828F3B12EFDC1060D5 /* [CP] Check Pods Manifest.lock */ = {
			isa = PBXShellScriptBuildPhase;
			buildActionMask = 2147483647;
			files = (
			);
			inputFileListPaths = (
			);
			inputPaths = (
				"${PODS_PODFILE_DIR_PATH}/Podfile.lock",
				"${PODS_ROOT}/Manifest.lock",
			);
			name = "[CP] Check Pods Manifest.lock";
			outputFileListPaths = (
			);
			outputPaths = (
				"$(DERIVED_FILE_DIR)/Pods-Parstagram-ParstagramUITests-checkManifestLockResult.txt",
			);
			runOnlyForDeploymentPostprocessing = 0;
			shellPath = /bin/sh;
			shellScript = "diff \"${PODS_PODFILE_DIR_PATH}/Podfile.lock\" \"${PODS_ROOT}/Manifest.lock\" > /dev/null\nif [ $? != 0 ] ; then\n    # print error to STDERR\n    echo \"error: The sandbox is not in sync with the Podfile.lock. Run 'pod install' or update your CocoaPods installation.\" >&2\n    exit 1\nfi\n# This output is used by Xcode 'outputs' to avoid re-running this script phase.\necho \"SUCCESS\" > \"${SCRIPT_OUTPUT_FILE_0}\"\n";
			showEnvVarsInLog = 0;
		};
		A6DD713A4572552942B8FF74 /* [CP] Embed Pods Frameworks */ = {
			isa = PBXShellScriptBuildPhase;
			buildActionMask = 2147483647;
			files = (
			);
			inputFileListPaths = (
				"${PODS_ROOT}/Target Support Files/Pods-Parstagram/Pods-Parstagram-frameworks-${CONFIGURATION}-input-files.xcfilelist",
			);
			name = "[CP] Embed Pods Frameworks";
			outputFileListPaths = (
				"${PODS_ROOT}/Target Support Files/Pods-Parstagram/Pods-Parstagram-frameworks-${CONFIGURATION}-output-files.xcfilelist",
			);
			runOnlyForDeploymentPostprocessing = 0;
			shellPath = /bin/sh;
			shellScript = "\"${PODS_ROOT}/Target Support Files/Pods-Parstagram/Pods-Parstagram-frameworks.sh\"\n";
			showEnvVarsInLog = 0;
		};
		C98AF13022B4A2AE3DF56562 /* [CP] Embed Pods Frameworks */ = {
			isa = PBXShellScriptBuildPhase;
			buildActionMask = 2147483647;
			files = (
			);
			inputFileListPaths = (
				"${PODS_ROOT}/Target Support Files/Pods-Parstagram-ParstagramUITests/Pods-Parstagram-ParstagramUITests-frameworks-${CONFIGURATION}-input-files.xcfilelist",
			);
			name = "[CP] Embed Pods Frameworks";
			outputFileListPaths = (
				"${PODS_ROOT}/Target Support Files/Pods-Parstagram-ParstagramUITests/Pods-Parstagram-ParstagramUITests-frameworks-${CONFIGURATION}-output-files.xcfilelist",
			);
			runOnlyForDeploymentPostprocessing = 0;
			shellPath = /bin/sh;
			shellScript = "\"${PODS_ROOT}/Target Support Files/Pods-Parstagram-ParstagramUITests/Pods-Parstagram-ParstagramUITests-frameworks.sh\"\n";
			showEnvVarsInLog = 0;
		};
		F482315E2F0860501C61B810 /* [CP] Check Pods Manifest.lock */ = {
			isa = PBXShellScriptBuildPhase;
			buildActionMask = 2147483647;
			files = (
			);
			inputFileListPaths = (
			);
			inputPaths = (
				"${PODS_PODFILE_DIR_PATH}/Podfile.lock",
				"${PODS_ROOT}/Manifest.lock",
			);
			name = "[CP] Check Pods Manifest.lock";
			outputFileListPaths = (
			);
			outputPaths = (
				"$(DERIVED_FILE_DIR)/Pods-ParstagramTests-checkManifestLockResult.txt",
			);
			runOnlyForDeploymentPostprocessing = 0;
			shellPath = /bin/sh;
			shellScript = "diff \"${PODS_PODFILE_DIR_PATH}/Podfile.lock\" \"${PODS_ROOT}/Manifest.lock\" > /dev/null\nif [ $? != 0 ] ; then\n    # print error to STDERR\n    echo \"error: The sandbox is not in sync with the Podfile.lock. Run 'pod install' or update your CocoaPods installation.\" >&2\n    exit 1\nfi\n# This output is used by Xcode 'outputs' to avoid re-running this script phase.\necho \"SUCCESS\" > \"${SCRIPT_OUTPUT_FILE_0}\"\n";
			showEnvVarsInLog = 0;
		};
/* End PBXShellScriptBuildPhase section */

/* Begin PBXSourcesBuildPhase section */
		C54B243D270D0BFB005E065C /* Sources */ = {
			isa = PBXSourcesBuildPhase;
			buildActionMask = 2147483647;
			files = (
				C54B2475270D0F86005E065C /* LoginViewController.swift in Sources */,
				C54B2479270D1FFB005E065C /* CameraViewController.swift in Sources */,
				C54B2445270D0BFB005E065C /* AppDelegate.swift in Sources */,
				C54B2477270D0F92005E065C /* FeedViewController.swift in Sources */,
				C54B2447270D0BFB005E065C /* SceneDelegate.swift in Sources */,
				C5CED46427147B7B0021907F /* PostCell.swift in Sources */,
			);
			runOnlyForDeploymentPostprocessing = 0;
		};
		C54B2453270D0C01005E065C /* Sources */ = {
			isa = PBXSourcesBuildPhase;
			buildActionMask = 2147483647;
			files = (
				C54B245C270D0C01005E065C /* ParstagramTests.swift in Sources */,
			);
			runOnlyForDeploymentPostprocessing = 0;
		};
		C54B245E270D0C02005E065C /* Sources */ = {
			isa = PBXSourcesBuildPhase;
			buildActionMask = 2147483647;
			files = (
				C54B2467270D0C02005E065C /* ParstagramUITests.swift in Sources */,
			);
			runOnlyForDeploymentPostprocessing = 0;
		};
/* End PBXSourcesBuildPhase section */

/* Begin PBXTargetDependency section */
		C54B2459270D0C01005E065C /* PBXTargetDependency */ = {
			isa = PBXTargetDependency;
			target = C54B2440270D0BFB005E065C /* Parstagram */;
			targetProxy = C54B2458270D0C01005E065C /* PBXContainerItemProxy */;
		};
		C54B2464270D0C02005E065C /* PBXTargetDependency */ = {
			isa = PBXTargetDependency;
			target = C54B2440270D0BFB005E065C /* Parstagram */;
			targetProxy = C54B2463270D0C02005E065C /* PBXContainerItemProxy */;
		};
/* End PBXTargetDependency section */

/* Begin PBXVariantGroup section */
		C54B244A270D0BFB005E065C /* Main.storyboard */ = {
			isa = PBXVariantGroup;
			children = (
				C54B244B270D0BFB005E065C /* Base */,
			);
			name = Main.storyboard;
			sourceTree = "<group>";
		};
		C54B244F270D0C01005E065C /* LaunchScreen.storyboard */ = {
			isa = PBXVariantGroup;
			children = (
				C54B2450270D0C01005E065C /* Base */,
			);
			name = LaunchScreen.storyboard;
			sourceTree = "<group>";
		};
/* End PBXVariantGroup section */

/* Begin XCBuildConfiguration section */
		C54B2469270D0C02005E065C /* Debug */ = {
			isa = XCBuildConfiguration;
			buildSettings = {
				ALWAYS_SEARCH_USER_PATHS = NO;
				CLANG_ANALYZER_NONNULL = YES;
				CLANG_ANALYZER_NUMBER_OBJECT_CONVERSION = YES_AGGRESSIVE;
				CLANG_CXX_LANGUAGE_STANDARD = "gnu++14";
				CLANG_CXX_LIBRARY = "libc++";
				CLANG_ENABLE_MODULES = YES;
				CLANG_ENABLE_OBJC_ARC = YES;
				CLANG_ENABLE_OBJC_WEAK = YES;
				CLANG_WARN_BLOCK_CAPTURE_AUTORELEASING = YES;
				CLANG_WARN_BOOL_CONVERSION = YES;
				CLANG_WARN_COMMA = YES;
				CLANG_WARN_CONSTANT_CONVERSION = YES;
				CLANG_WARN_DEPRECATED_OBJC_IMPLEMENTATIONS = YES;
				CLANG_WARN_DIRECT_OBJC_ISA_USAGE = YES_ERROR;
				CLANG_WARN_DOCUMENTATION_COMMENTS = YES;
				CLANG_WARN_EMPTY_BODY = YES;
				CLANG_WARN_ENUM_CONVERSION = YES;
				CLANG_WARN_INFINITE_RECURSION = YES;
				CLANG_WARN_INT_CONVERSION = YES;
				CLANG_WARN_NON_LITERAL_NULL_CONVERSION = YES;
				CLANG_WARN_OBJC_IMPLICIT_RETAIN_SELF = YES;
				CLANG_WARN_OBJC_LITERAL_CONVERSION = YES;
				CLANG_WARN_OBJC_ROOT_CLASS = YES_ERROR;
				CLANG_WARN_QUOTED_INCLUDE_IN_FRAMEWORK_HEADER = YES;
				CLANG_WARN_RANGE_LOOP_ANALYSIS = YES;
				CLANG_WARN_STRICT_PROTOTYPES = YES;
				CLANG_WARN_SUSPICIOUS_MOVE = YES;
				CLANG_WARN_UNGUARDED_AVAILABILITY = YES_AGGRESSIVE;
				CLANG_WARN_UNREACHABLE_CODE = YES;
				CLANG_WARN__DUPLICATE_METHOD_MATCH = YES;
				COPY_PHASE_STRIP = NO;
				DEBUG_INFORMATION_FORMAT = dwarf;
				ENABLE_STRICT_OBJC_MSGSEND = YES;
				ENABLE_TESTABILITY = YES;
				GCC_C_LANGUAGE_STANDARD = gnu11;
				GCC_DYNAMIC_NO_PIC = NO;
				GCC_NO_COMMON_BLOCKS = YES;
				GCC_OPTIMIZATION_LEVEL = 0;
				GCC_PREPROCESSOR_DEFINITIONS = (
					"DEBUG=1",
					"$(inherited)",
				);
				GCC_WARN_64_TO_32_BIT_CONVERSION = YES;
				GCC_WARN_ABOUT_RETURN_TYPE = YES_ERROR;
				GCC_WARN_UNDECLARED_SELECTOR = YES;
				GCC_WARN_UNINITIALIZED_AUTOS = YES_AGGRESSIVE;
				GCC_WARN_UNUSED_FUNCTION = YES;
				GCC_WARN_UNUSED_VARIABLE = YES;
				IPHONEOS_DEPLOYMENT_TARGET = 14.5;
				MTL_ENABLE_DEBUG_INFO = INCLUDE_SOURCE;
				MTL_FAST_MATH = YES;
				ONLY_ACTIVE_ARCH = YES;
				SDKROOT = iphoneos;
				SWIFT_ACTIVE_COMPILATION_CONDITIONS = DEBUG;
				SWIFT_OPTIMIZATION_LEVEL = "-Onone";
			};
			name = Debug;
		};
		C54B246A270D0C02005E065C /* Release */ = {
			isa = XCBuildConfiguration;
			buildSettings = {
				ALWAYS_SEARCH_USER_PATHS = NO;
				CLANG_ANALYZER_NONNULL = YES;
				CLANG_ANALYZER_NUMBER_OBJECT_CONVERSION = YES_AGGRESSIVE;
				CLANG_CXX_LANGUAGE_STANDARD = "gnu++14";
				CLANG_CXX_LIBRARY = "libc++";
				CLANG_ENABLE_MODULES = YES;
				CLANG_ENABLE_OBJC_ARC = YES;
				CLANG_ENABLE_OBJC_WEAK = YES;
				CLANG_WARN_BLOCK_CAPTURE_AUTORELEASING = YES;
				CLANG_WARN_BOOL_CONVERSION = YES;
				CLANG_WARN_COMMA = YES;
				CLANG_WARN_CONSTANT_CONVERSION = YES;
				CLANG_WARN_DEPRECATED_OBJC_IMPLEMENTATIONS = YES;
				CLANG_WARN_DIRECT_OBJC_ISA_USAGE = YES_ERROR;
				CLANG_WARN_DOCUMENTATION_COMMENTS = YES;
				CLANG_WARN_EMPTY_BODY = YES;
				CLANG_WARN_ENUM_CONVERSION = YES;
				CLANG_WARN_INFINITE_RECURSION = YES;
				CLANG_WARN_INT_CONVERSION = YES;
				CLANG_WARN_NON_LITERAL_NULL_CONVERSION = YES;
				CLANG_WARN_OBJC_IMPLICIT_RETAIN_SELF = YES;
				CLANG_WARN_OBJC_LITERAL_CONVERSION = YES;
				CLANG_WARN_OBJC_ROOT_CLASS = YES_ERROR;
				CLANG_WARN_QUOTED_INCLUDE_IN_FRAMEWORK_HEADER = YES;
				CLANG_WARN_RANGE_LOOP_ANALYSIS = YES;
				CLANG_WARN_STRICT_PROTOTYPES = YES;
				CLANG_WARN_SUSPICIOUS_MOVE = YES;
				CLANG_WARN_UNGUARDED_AVAILABILITY = YES_AGGRESSIVE;
				CLANG_WARN_UNREACHABLE_CODE = YES;
				CLANG_WARN__DUPLICATE_METHOD_MATCH = YES;
				COPY_PHASE_STRIP = NO;
				DEBUG_INFORMATION_FORMAT = "dwarf-with-dsym";
				ENABLE_NS_ASSERTIONS = NO;
				ENABLE_STRICT_OBJC_MSGSEND = YES;
				GCC_C_LANGUAGE_STANDARD = gnu11;
				GCC_NO_COMMON_BLOCKS = YES;
				GCC_WARN_64_TO_32_BIT_CONVERSION = YES;
				GCC_WARN_ABOUT_RETURN_TYPE = YES_ERROR;
				GCC_WARN_UNDECLARED_SELECTOR = YES;
				GCC_WARN_UNINITIALIZED_AUTOS = YES_AGGRESSIVE;
				GCC_WARN_UNUSED_FUNCTION = YES;
				GCC_WARN_UNUSED_VARIABLE = YES;
				IPHONEOS_DEPLOYMENT_TARGET = 14.5;
				MTL_ENABLE_DEBUG_INFO = NO;
				MTL_FAST_MATH = YES;
				SDKROOT = iphoneos;
				SWIFT_COMPILATION_MODE = wholemodule;
				SWIFT_OPTIMIZATION_LEVEL = "-O";
				VALIDATE_PRODUCT = YES;
			};
			name = Release;
		};
		C54B246C270D0C02005E065C /* Debug */ = {
			isa = XCBuildConfiguration;
			baseConfigurationReference = 081F486E3341C4F392C13849 /* Pods-Parstagram.debug.xcconfig */;
			buildSettings = {
				ASSETCATALOG_COMPILER_APPICON_NAME = AppIcon;
				ASSETCATALOG_COMPILER_GLOBAL_ACCENT_COLOR_NAME = AccentColor;
				CODE_SIGN_STYLE = Automatic;
				INFOPLIST_FILE = Parstagram/Info.plist;
				LD_RUNPATH_SEARCH_PATHS = (
					"$(inherited)",
					"@executable_path/Frameworks",
				);
				PRODUCT_BUNDLE_IDENTIFIER = "Shweta-Ale.Parstagram";
				PRODUCT_NAME = "$(TARGET_NAME)";
				SWIFT_VERSION = 5.0;
				TARGETED_DEVICE_FAMILY = "1,2";
			};
			name = Debug;
		};
		C54B246D270D0C02005E065C /* Release */ = {
			isa = XCBuildConfiguration;
			baseConfigurationReference = 7050D4F530F03C0C120FDADD /* Pods-Parstagram.release.xcconfig */;
			buildSettings = {
				ASSETCATALOG_COMPILER_APPICON_NAME = AppIcon;
				ASSETCATALOG_COMPILER_GLOBAL_ACCENT_COLOR_NAME = AccentColor;
				CODE_SIGN_STYLE = Automatic;
				INFOPLIST_FILE = Parstagram/Info.plist;
				LD_RUNPATH_SEARCH_PATHS = (
					"$(inherited)",
					"@executable_path/Frameworks",
				);
				PRODUCT_BUNDLE_IDENTIFIER = "Shweta-Ale.Parstagram";
				PRODUCT_NAME = "$(TARGET_NAME)";
				SWIFT_VERSION = 5.0;
				TARGETED_DEVICE_FAMILY = "1,2";
			};
			name = Release;
		};
		C54B246F270D0C02005E065C /* Debug */ = {
			isa = XCBuildConfiguration;
			baseConfigurationReference = 74EC5DA9B52BD4EFAC5DEFB1 /* Pods-ParstagramTests.debug.xcconfig */;
			buildSettings = {
				ALWAYS_EMBED_SWIFT_STANDARD_LIBRARIES = YES;
				BUNDLE_LOADER = "$(TEST_HOST)";
				CODE_SIGN_STYLE = Automatic;
				INFOPLIST_FILE = ParstagramTests/Info.plist;
				IPHONEOS_DEPLOYMENT_TARGET = 14.5;
				LD_RUNPATH_SEARCH_PATHS = (
					"$(inherited)",
					"@executable_path/Frameworks",
					"@loader_path/Frameworks",
				);
				PRODUCT_BUNDLE_IDENTIFIER = "Shweta-Ale.ParstagramTests";
				PRODUCT_NAME = "$(TARGET_NAME)";
				SWIFT_VERSION = 5.0;
				TARGETED_DEVICE_FAMILY = "1,2";
				TEST_HOST = "$(BUILT_PRODUCTS_DIR)/Parstagram.app/Parstagram";
			};
			name = Debug;
		};
		C54B2470270D0C02005E065C /* Release */ = {
			isa = XCBuildConfiguration;
			baseConfigurationReference = D5C04715EF8CD99844686310 /* Pods-ParstagramTests.release.xcconfig */;
			buildSettings = {
				ALWAYS_EMBED_SWIFT_STANDARD_LIBRARIES = YES;
				BUNDLE_LOADER = "$(TEST_HOST)";
				CODE_SIGN_STYLE = Automatic;
				INFOPLIST_FILE = ParstagramTests/Info.plist;
				IPHONEOS_DEPLOYMENT_TARGET = 14.5;
				LD_RUNPATH_SEARCH_PATHS = (
					"$(inherited)",
					"@executable_path/Frameworks",
					"@loader_path/Frameworks",
				);
				PRODUCT_BUNDLE_IDENTIFIER = "Shweta-Ale.ParstagramTests";
				PRODUCT_NAME = "$(TARGET_NAME)";
				SWIFT_VERSION = 5.0;
				TARGETED_DEVICE_FAMILY = "1,2";
				TEST_HOST = "$(BUILT_PRODUCTS_DIR)/Parstagram.app/Parstagram";
			};
			name = Release;
		};
		C54B2472270D0C02005E065C /* Debug */ = {
			isa = XCBuildConfiguration;
			baseConfigurationReference = 114CABA0804ED4A6D349D5F7 /* Pods-Parstagram-ParstagramUITests.debug.xcconfig */;
			buildSettings = {
				ALWAYS_EMBED_SWIFT_STANDARD_LIBRARIES = YES;
				CODE_SIGN_STYLE = Automatic;
				INFOPLIST_FILE = ParstagramUITests/Info.plist;
				LD_RUNPATH_SEARCH_PATHS = (
					"$(inherited)",
					"@executable_path/Frameworks",
					"@loader_path/Frameworks",
				);
				PRODUCT_BUNDLE_IDENTIFIER = "Shweta-Ale.ParstagramUITests";
				PRODUCT_NAME = "$(TARGET_NAME)";
				SWIFT_VERSION = 5.0;
				TARGETED_DEVICE_FAMILY = "1,2";
				TEST_TARGET_NAME = Parstagram;
			};
			name = Debug;
		};
		C54B2473270D0C02005E065C /* Release */ = {
			isa = XCBuildConfiguration;
			baseConfigurationReference = 0F4B1E46B4433414F6FCE318 /* Pods-Parstagram-ParstagramUITests.release.xcconfig */;
			buildSettings = {
				ALWAYS_EMBED_SWIFT_STANDARD_LIBRARIES = YES;
				CODE_SIGN_STYLE = Automatic;
				INFOPLIST_FILE = ParstagramUITests/Info.plist;
				LD_RUNPATH_SEARCH_PATHS = (
					"$(inherited)",
					"@executable_path/Frameworks",
					"@loader_path/Frameworks",
				);
				PRODUCT_BUNDLE_IDENTIFIER = "Shweta-Ale.ParstagramUITests";
				PRODUCT_NAME = "$(TARGET_NAME)";
				SWIFT_VERSION = 5.0;
				TARGETED_DEVICE_FAMILY = "1,2";
				TEST_TARGET_NAME = Parstagram;
			};
			name = Release;
		};
/* End XCBuildConfiguration section */

/* Begin XCConfigurationList section */
		C54B243C270D0BFB005E065C /* Build configuration list for PBXProject "Parstagram" */ = {
			isa = XCConfigurationList;
			buildConfigurations = (
				C54B2469270D0C02005E065C /* Debug */,
				C54B246A270D0C02005E065C /* Release */,
			);
			defaultConfigurationIsVisible = 0;
			defaultConfigurationName = Release;
		};
		C54B246B270D0C02005E065C /* Build configuration list for PBXNativeTarget "Parstagram" */ = {
			isa = XCConfigurationList;
			buildConfigurations = (
				C54B246C270D0C02005E065C /* Debug */,
				C54B246D270D0C02005E065C /* Release */,
			);
			defaultConfigurationIsVisible = 0;
			defaultConfigurationName = Release;
		};
		C54B246E270D0C02005E065C /* Build configuration list for PBXNativeTarget "ParstagramTests" */ = {
			isa = XCConfigurationList;
			buildConfigurations = (
				C54B246F270D0C02005E065C /* Debug */,
				C54B2470270D0C02005E065C /* Release */,
			);
			defaultConfigurationIsVisible = 0;
			defaultConfigurationName = Release;
		};
		C54B2471270D0C02005E065C /* Build configuration list for PBXNativeTarget "ParstagramUITests" */ = {
			isa = XCConfigurationList;
			buildConfigurations = (
				C54B2472270D0C02005E065C /* Debug */,
				C54B2473270D0C02005E065C /* Release */,
			);
			defaultConfigurationIsVisible = 0;
			defaultConfigurationName = Release;
		};
/* End XCConfigurationList section */
	};
	rootObject = C54B2439270D0BFB005E065C /* Project object */;
}
